
Microsoft Visual Studio Solution File, Format Version 12.00
# Visual Studio 15
VisualStudioVersion = 15.0.28307.136
MinimumVisualStudioVersion = 10.0.40219.1
Project("{FAE04EC0-301F-11D3-BF4B-00C04F79EFBC}") = "TataruHelper", "FFXIVWpfApp1\TataruHelper.csproj", "{B08AC93D-827E-46E8-B541-C66010865FFD}"
EndProject
Project("{FAE04EC0-301F-11D3-BF4B-00C04F79EFBC}") = "BondTech.HotKeyManagement.WPF.4", "BondTech.HotKeyManagement.WPF.4\BondTech.HotKeyManagement.WPF.4.csproj", "{C78F31C0-EC07-4194-90D4-9CB771AD41A1}"
EndProject
Project("{FAE04EC0-301F-11D3-BF4B-00C04F79EFBC}") = "NotifyIconWpf", "NotifyIconWpf\NotifyIconWpf.csproj", "{7AC63864-7638-41C4-969C-D3197EF2BED9}"
EndProject
Project("{FAE04EC0-301F-11D3-BF4B-00C04F79EFBC}") = "Sharlayan", "Sharlayan\Sharlayan.csproj", "{9510D5EF-208A-4897-A582-8EAE5C6E9406}"
EndProject
Global
	GlobalSection(SolutionConfigurationPlatforms) = preSolution
		Debug|Any CPU = Debug|Any CPU
		Debug|x86 = Debug|x86
		Release|Any CPU = Release|Any CPU
		Release|x86 = Release|x86
		ReleaseDeploy|Any CPU = ReleaseDeploy|Any CPU
		ReleaseDeploy|x86 = ReleaseDeploy|x86
	EndGlobalSection
	GlobalSection(ProjectConfigurationPlatforms) = postSolution
		{B08AC93D-827E-46E8-B541-C66010865FFD}.Debug|Any CPU.ActiveCfg = Debug|Any CPU
		{B08AC93D-827E-46E8-B541-C66010865FFD}.Debug|Any CPU.Build.0 = Debug|Any CPU
		{B08AC93D-827E-46E8-B541-C66010865FFD}.Debug|x86.ActiveCfg = Debug|Any CPU
		{B08AC93D-827E-46E8-B541-C66010865FFD}.Debug|x86.Build.0 = Debug|Any CPU
		{B08AC93D-827E-46E8-B541-C66010865FFD}.Release|Any CPU.ActiveCfg = Release|Any CPU
		{B08AC93D-827E-46E8-B541-C66010865FFD}.Release|Any CPU.Build.0 = Release|Any CPU
		{B08AC93D-827E-46E8-B541-C66010865FFD}.Release|x86.ActiveCfg = Release|Any CPU
		{B08AC93D-827E-46E8-B541-C66010865FFD}.Release|x86.Build.0 = Release|Any CPU
		{B08AC93D-827E-46E8-B541-C66010865FFD}.ReleaseDeploy|Any CPU.ActiveCfg = Release|Any CPU
		{B08AC93D-827E-46E8-B541-C66010865FFD}.ReleaseDeploy|Any CPU.Build.0 = Release|Any CPU
		{B08AC93D-827E-46E8-B541-C66010865FFD}.ReleaseDeploy|x86.ActiveCfg = Release|Any CPU
		{B08AC93D-827E-46E8-B541-C66010865FFD}.ReleaseDeploy|x86.Build.0 = Release|Any CPU
		{C78F31C0-EC07-4194-90D4-9CB771AD41A1}.Debug|Any CPU.ActiveCfg = Debug|Any CPU
		{C78F31C0-EC07-4194-90D4-9CB771AD41A1}.Debug|Any CPU.Build.0 = Debug|Any CPU
		{C78F31C0-EC07-4194-90D4-9CB771AD41A1}.Debug|x86.ActiveCfg = Debug|Any CPU
		{C78F31C0-EC07-4194-90D4-9CB771AD41A1}.Debug|x86.Build.0 = Debug|Any CPU
		{C78F31C0-EC07-4194-90D4-9CB771AD41A1}.Release|Any CPU.ActiveCfg = Release|Any CPU
		{C78F31C0-EC07-4194-90D4-9CB771AD41A1}.Release|Any CPU.Build.0 = Release|Any CPU
		{C78F31C0-EC07-4194-90D4-9CB771AD41A1}.Release|x86.ActiveCfg = Release|Any CPU
		{C78F31C0-EC07-4194-90D4-9CB771AD41A1}.Release|x86.Build.0 = Release|Any CPU
		{C78F31C0-EC07-4194-90D4-9CB771AD41A1}.ReleaseDeploy|Any CPU.ActiveCfg = Release|Any CPU
		{C78F31C0-EC07-4194-90D4-9CB771AD41A1}.ReleaseDeploy|Any CPU.Build.0 = Release|Any CPU
		{C78F31C0-EC07-4194-90D4-9CB771AD41A1}.ReleaseDeploy|x86.ActiveCfg = Release|Any CPU
		{C78F31C0-EC07-4194-90D4-9CB771AD41A1}.ReleaseDeploy|x86.Build.0 = Release|Any CPU
		{7AC63864-7638-41C4-969C-D3197EF2BED9}.Debug|Any CPU.ActiveCfg = Debug|Any CPU
		{7AC63864-7638-41C4-969C-D3197EF2BED9}.Debug|Any CPU.Build.0 = Debug|Any CPU
		{7AC63864-7638-41C4-969C-D3197EF2BED9}.Debug|x86.ActiveCfg = Debug|Any CPU
		{7AC63864-7638-41C4-969C-D3197EF2BED9}.Debug|x86.Build.0 = Debug|Any CPU
		{7AC63864-7638-41C4-969C-D3197EF2BED9}.Release|Any CPU.ActiveCfg = Release|Any CPU
		{7AC63864-7638-41C4-969C-D3197EF2BED9}.Release|Any CPU.Build.0 = Release|Any CPU
		{7AC63864-7638-41C4-969C-D3197EF2BED9}.Release|x86.ActiveCfg = Release|Any CPU
		{7AC63864-7638-41C4-969C-D3197EF2BED9}.Release|x86.Build.0 = Release|Any CPU
		{7AC63864-7638-41C4-969C-D3197EF2BED9}.ReleaseDeploy|Any CPU.ActiveCfg = Release|Any CPU
		{7AC63864-7638-41C4-969C-D3197EF2BED9}.ReleaseDeploy|Any CPU.Build.0 = Release|Any CPU
		{7AC63864-7638-41C4-969C-D3197EF2BED9}.ReleaseDeploy|x86.ActiveCfg = Release|Any CPU
		{7AC63864-7638-41C4-969C-D3197EF2BED9}.ReleaseDeploy|x86.Build.0 = Release|Any CPU
		{9510D5EF-208A-4897-A582-8EAE5C6E9406}.Debug|Any CPU.ActiveCfg = Debug|x86
		{9510D5EF-208A-4897-A582-8EAE5C6E9406}.Debug|Any CPU.Build.0 = Debug|x86
		{9510D5EF-208A-4897-A582-8EAE5C6E9406}.Debug|x86.ActiveCfg = Debug|x86
		{9510D5EF-208A-4897-A582-8EAE5C6E9406}.Debug|x86.Build.0 = Debug|x86
		{9510D5EF-208A-4897-A582-8EAE5C6E9406}.Release|Any CPU.ActiveCfg = Release|x86
		{9510D5EF-208A-4897-A582-8EAE5C6E9406}.Release|Any CPU.Build.0 = Release|x86
		{9510D5EF-208A-4897-A582-8EAE5C6E9406}.Release|x86.ActiveCfg = Release|x86
		{9510D5EF-208A-4897-A582-8EAE5C6E9406}.Release|x86.Build.0 = Release|x86
		{9510D5EF-208A-4897-A582-8EAE5C6E9406}.ReleaseDeploy|Any CPU.ActiveCfg = ReleaseDeploy|x86
		{9510D5EF-208A-4897-A582-8EAE5C6E9406}.ReleaseDeploy|x86.ActiveCfg = ReleaseDeploy|x86
		{9510D5EF-208A-4897-A582-8EAE5C6E9406}.ReleaseDeploy|x86.Build.0 = ReleaseDeploy|x86
	EndGlobalSection
	GlobalSection(SolutionProperties) = preSolution
		HideSolutionNode = FALSE
	EndGlobalSection
	GlobalSection(ExtensibilityGlobals) = postSolution
		SolutionGuid = {3A46514F-EE0D-43C2-BA95-35859AB98910}
	EndGlobalSection
EndGlobal
